<?xml version="1.0" encoding="utf-8"?>
<Project ToolsVersion="4.0" xmlns="http://schemas.microsoft.com/developer/msbuild/2003">
  <ItemGroup>
    <Filter Include="Source Files">
      <UniqueIdentifier>{4FC737F1-C7A5-4376-A066-2A32D752A2FF}</UniqueIdentifier>
      <Extensions>cpp;c;cc;cxx;def;odl;idl;hpj;bat;asm;asmx</Extensions>
    </Filter>
    <Filter Include="Header Files">
      <UniqueIdentifier>{93995380-89BD-4b04-88EB-625FBE52EBFB}</UniqueIdentifier>
      <Extensions>h;hh;hpp;hxx;hm;inl;inc;xsd</Extensions>
    </Filter>
    <Filter Include="Resource Files">
      <UniqueIdentifier>{67DA6AB6-F800-4c08-8B7A-83BB121AAD01}</UniqueIdentifier>
      <Extensions>rc;ico;cur;bmp;dlg;rc2;rct;bin;rgs;gif;jpg;jpeg;jpe;resx;tiff;tif;png;wav;mfcribbon-ms</Extensions>
    </Filter>
  </ItemGroup>
  <ItemGroup>
    <ClInclude Include="gradientPalettes.h">
      <Filter>Header Files</Filter>
    </ClInclude>
    <ClInclude Include="palettes.h">
      <Filter>Header Files</Filter>
    </ClInclude>
    <ClInclude Include="physicalInputs.h">
      <Filter>Header Files</Filter>
    </ClInclude>
    <ClInclude Include="tasks.h">
      <Filter>Header Files</Filter>
    </ClInclude>
    <ClInclude Include="Oscillator.h">
      <Filter>Header Files</Filter>
    </ClInclude>
    <ClInclude Include="__vm\.esp32-fastled-webserver.vsarduino.h">
      <Filter>Header Files</Filter>
    </ClInclude>
    <ClInclude Include="debug.h">
      <Filter>Header Files</Filter>
    </ClInclude>
    <ClInclude Include="LEDStrip.h">
      <Filter>Header Files</Filter>
    </ClInclude>
    <ClInclude Include="Universe.h">
      <Filter>Header Files</Filter>
    </ClInclude>
    <ClInclude Include="universeSettings.h">
      <Filter>Header Files</Filter>
    </ClInclude>
    <ClInclude Include="patterns.h">
      <Filter>Header Files</Filter>
    </ClInclude>
  </ItemGroup>
  <ItemGroup>
    <ClCompile Include="tasks.cpp">
      <Filter>Source Files</Filter>
    </ClCompile>
    <ClCompile Include="Oscillator.cpp">
      <Filter>Source Files</Filter>
    </ClCompile>
    <ClCompile Include="debug.cpp">
      <Filter>Source Files</Filter>
    </ClCompile>
    <ClCompile Include="LEDStrip.cpp">
      <Filter>Source Files</Filter>
    </ClCompile>
    <ClCompile Include="Universe.cpp">
      <Filter>Source Files</Filter>
    </ClCompile>
    <ClCompile Include="patterns.cpp">
      <Filter>Source Files</Filter>
    </ClCompile>
    <ClCompile Include="palettes.cpp">
      <Filter>Source Files</Filter>
    </ClCompile>
  </ItemGroup>
  <ItemGroup>
    <None Include="8_Strip_Controller.ino" />
    <None Include="..\..\..\..\Documents\Arduino\libraries\FastLED\library.json" />
    <None Include="..\..\..\..\Documents\Arduino\libraries\FastLED\library.properties" />
  </ItemGroup>
  <ItemGroup>
    <Text Include="board.txt" />
    <Text Include="..\..\..\..\Documents\Arduino\libraries\FastLED\keywords.txt" />
    <Text Include="..\..\..\..\Documents\Arduino\libraries\FastLED\preview_changes.txt" />
  </ItemGroup>
</Project>